<?xml version="1.0" encoding="utf-8"?>
<Project ToolsVersion="4.0" xmlns="http://schemas.microsoft.com/developer/msbuild/2003">
  <ItemGroup>
    <Filter Include="src">
      <UniqueIdentifier>{cf63e269-8da3-4d46-b309-f590825e4f9b}</UniqueIdentifier>
    </Filter>
    <Filter Include="src\core">
      <UniqueIdentifier>{e087fc61-eace-4185-b49a-4ddfd5b29900}</UniqueIdentifier>
    </Filter>
    <Filter Include="src\GameObjects">
      <UniqueIdentifier>{1cd9f11d-c5dc-45c0-b181-ea09d7e4840e}</UniqueIdentifier>
    </Filter>
    <Filter Include="src\GameObjects\Player">
      <UniqueIdentifier>{96524518-a3ba-45ed-99c3-87e372986daa}</UniqueIdentifier>
    </Filter>
    <Filter Include="src\GameObjects\AddisionalTypes">
      <UniqueIdentifier>{9839823f-f5c2-4e99-8371-b92aa54cdb96}</UniqueIdentifier>
    </Filter>
    <Filter Include="src\GameObjects\Blocks">
      <UniqueIdentifier>{f66dd042-c8ef-4078-b896-887c5f72dd69}</UniqueIdentifier>
    </Filter>
    <Filter Include="src\GameObjects\Items">
      <UniqueIdentifier>{42f7dc58-a31e-4dad-87a9-8c40878ae568}</UniqueIdentifier>
    </Filter>
    <Filter Include="src\GameObjects\Projectals">
      <UniqueIdentifier>{fbb9be9b-a70c-4a74-ba55-02455eb05b22}</UniqueIdentifier>
    </Filter>
    <Filter Include="src\GameObjects\Particles">
      <UniqueIdentifier>{7a5c9933-a908-4128-bbdf-45bcd1f5a629}</UniqueIdentifier>
    </Filter>
    <Filter Include="src\GameObjects\NPCs">
      <UniqueIdentifier>{8272d864-a4b6-4554-b89a-bac08c39d7fc}</UniqueIdentifier>
    </Filter>
    <Filter Include="src\core\Controllers">
      <UniqueIdentifier>{4842b05d-e740-42c0-8ed1-9b805db318a2}</UniqueIdentifier>
    </Filter>
    <Filter Include="src\core\Scenes">
      <UniqueIdentifier>{e84ff9e4-949e-4024-a373-7a9e891c7b34}</UniqueIdentifier>
    </Filter>
    <Filter Include="src\GameObjects\Items\Weapons">
      <UniqueIdentifier>{b45c510e-ae98-46bb-8b7a-74ed0600d7ce}</UniqueIdentifier>
    </Filter>
    <Filter Include="src\core\Scenes\Game">
      <UniqueIdentifier>{bc7b0725-363b-425a-8f3c-b691c7813b30}</UniqueIdentifier>
    </Filter>
    <Filter Include="src\GameObjects\Factories">
      <UniqueIdentifier>{3b5aa74a-1960-465a-a7db-6da15e54d03c}</UniqueIdentifier>
    </Filter>
    <Filter Include="src\GameObjects\Items\Tool">
      <UniqueIdentifier>{2b990fa1-2400-4726-92ed-5a783329e06b}</UniqueIdentifier>
    </Filter>
    <Filter Include="src\GameObjects\Crafting">
      <UniqueIdentifier>{1b581e85-55a0-4377-830c-a4e61a7b5c4f}</UniqueIdentifier>
    </Filter>
    <Filter Include="src\core\Elements">
      <UniqueIdentifier>{66bd2915-65d6-4e2d-a629-05982eb163f0}</UniqueIdentifier>
    </Filter>
    <Filter Include="src\core\Scenes\ItemEdytorStruct">
      <UniqueIdentifier>{475d8fc8-9d88-44b5-9e15-3c757fa0400c}</UniqueIdentifier>
    </Filter>
    <Filter Include="src\GameObjects\AddisionalTypes\Colliders">
      <UniqueIdentifier>{a4ab8d40-9191-4585-a89d-d069efcd8bbe}</UniqueIdentifier>
    </Filter>
    <Filter Include="src\GameObjects\AddisionalTypes\Combat">
      <UniqueIdentifier>{1ff24322-1c0f-42fa-b19b-7037eaf57884}</UniqueIdentifier>
    </Filter>
    <Filter Include="src\GameObjects\Structures">
      <UniqueIdentifier>{0a805371-c0ea-4618-89cc-b7452ae1b7e8}</UniqueIdentifier>
    </Filter>
  </ItemGroup>
  <ItemGroup>
    <ClCompile Include="src\Main.cpp">
      <Filter>src</Filter>
    </ClCompile>
    <ClCompile Include="src\core\Engine.cpp">
      <Filter>src\core</Filter>
    </ClCompile>
    <ClCompile Include="src\GameObjects\GameObject.cpp">
      <Filter>src\GameObjects</Filter>
    </ClCompile>
    <ClCompile Include="src\GameObjects\Player\Player.cpp">
      <Filter>src\GameObjects\Player</Filter>
    </ClCompile>
    <ClCompile Include="src\core\Controllers\AnimationController.cpp">
      <Filter>src\core\Controllers</Filter>
    </ClCompile>
    <ClCompile Include="src\core\Controllers\SpriteController.cpp">
      <Filter>src\core\Controllers</Filter>
    </ClCompile>
    <ClCompile Include="src\core\Scenes\GameScene.cpp">
      <Filter>src\core\Scenes</Filter>
    </ClCompile>
    <ClCompile Include="src\core\Scenes\Scene.cpp">
      <Filter>src\core\Scenes</Filter>
    </ClCompile>
    <ClCompile Include="src\GameObjects\AddisionalTypes\UserUI.cpp">
      <Filter>src\GameObjects\AddisionalTypes</Filter>
    </ClCompile>
    <ClCompile Include="src\GameObjects\Projectals\Projectal.cpp">
      <Filter>src\GameObjects\Projectals</Filter>
    </ClCompile>
    <ClCompile Include="src\GameObjects\Items\Item.cpp">
      <Filter>src\GameObjects\Items</Filter>
    </ClCompile>
    <ClCompile Include="src\core\Scenes\Game\ObjectHandler.cpp">
      <Filter>src\core\Scenes\Game</Filter>
    </ClCompile>
    <ClCompile Include="src\core\Scenes\Game\FourTree.cpp">
      <Filter>src\core\Scenes\Game</Filter>
    </ClCompile>
    <ClCompile Include="src\core\Scenes\Game\PerlinNoice.cpp">
      <Filter>src\core\Scenes\Game</Filter>
    </ClCompile>
    <ClCompile Include="src\GameObjects\Blocks\Block.cpp">
      <Filter>src\GameObjects\Blocks</Filter>
    </ClCompile>
    <ClCompile Include="src\GameObjects\ItemFactory.cpp">
      <Filter>src\GameObjects\Factories</Filter>
    </ClCompile>
    <ClCompile Include="src\GameObjects\BlockFactory.cpp">
      <Filter>src\GameObjects\Factories</Filter>
    </ClCompile>
    <ClCompile Include="src\GameObjects\Blocks\CollidingBlock.cpp">
      <Filter>src\GameObjects\Blocks</Filter>
    </ClCompile>
    <ClCompile Include="src\GameObjects\Player\Eq.cpp">
      <Filter>src\GameObjects\Player</Filter>
    </ClCompile>
    <ClCompile Include="src\GameObjects\Player\MiniMap.cpp">
      <Filter>src\GameObjects\Player</Filter>
    </ClCompile>
    <ClCompile Include="src\GameObjects\AddisionalTypes\ItemsDrop.cpp">
      <Filter>src\GameObjects\AddisionalTypes</Filter>
    </ClCompile>
    <ClCompile Include="src\GameObjects\Items\Tool\ToolItem.cpp">
      <Filter>src\GameObjects\Items\Tool</Filter>
    </ClCompile>
    <ClCompile Include="src\GameObjects\Items\StackItem.cpp">
      <Filter>src\GameObjects\Items</Filter>
    </ClCompile>
    <ClCompile Include="src\core\Properties.cpp">
      <Filter>src\core</Filter>
    </ClCompile>
    <ClCompile Include="src\GameObjects\StructuresFactory.cpp">
      <Filter>src\GameObjects\Factories</Filter>
    </ClCompile>
    <ClCompile Include="src\GameObjects\Factory.cpp">
      <Filter>src\GameObjects\Factories</Filter>
    </ClCompile>
    <ClCompile Include="src\GameObjects\AddisionalTypes\DestroyAble.cpp">
      <Filter>src\GameObjects\AddisionalTypes</Filter>
    </ClCompile>
    <ClCompile Include="src\GameObjects\Particles\ParticleSystem.cpp">
      <Filter>src\GameObjects\Particles</Filter>
    </ClCompile>
    <ClCompile Include="src\GameObjects\Particles\Particle.cpp">
      <Filter>src\GameObjects\Particles</Filter>
    </ClCompile>
    <ClCompile Include="src\GameObjects\RecipesFactory.cpp">
      <Filter>src\GameObjects\Factories</Filter>
    </ClCompile>
    <ClCompile Include="src\GameObjects\Crafting\CraftingStation.cpp">
      <Filter>src\GameObjects\Crafting</Filter>
    </ClCompile>
    <ClCompile Include="src\GameObjects\Crafting\Recipes.cpp">
      <Filter>src\GameObjects\Crafting</Filter>
    </ClCompile>
    <ClCompile Include="src\GameObjects\NPCs\Enemy.cpp">
      <Filter>src\GameObjects\NPCs</Filter>
    </ClCompile>
    <ClCompile Include="src\GameObjects\Particles\TextParticle.cpp">
      <Filter>src\GameObjects\Particles</Filter>
    </ClCompile>
    <ClCompile Include="src\GameObjects\Items\Weapon\Ammo.cpp">
      <Filter>src\GameObjects\Items\Weapons</Filter>
    </ClCompile>
    <ClCompile Include="src\GameObjects\Items\Weapon\Bow.cpp">
      <Filter>src\GameObjects\Items\Weapons</Filter>
    </ClCompile>
    <ClCompile Include="src\core\Scenes\ItemEdytor.cpp">
      <Filter>src\core\Scenes</Filter>
    </ClCompile>
    <ClCompile Include="src\core\Elements\TextEnter.cpp">
      <Filter>src\core\Elements</Filter>
    </ClCompile>
    <ClCompile Include="src\core\Elements\CheckBox.cpp">
      <Filter>src\core\Elements</Filter>
    </ClCompile>
    <ClCompile Include="src\core\Elements\RectangleEnter.cpp">
      <Filter>src\core\Elements</Filter>
    </ClCompile>
    <ClCompile Include="src\core\Elements\FloatEnter.cpp">
      <Filter>src\core\Elements</Filter>
    </ClCompile>
    <ClCompile Include="src\core\Elements\CheckBoxOpenElements.cpp">
      <Filter>src\core\Elements</Filter>
    </ClCompile>
    <ClCompile Include="src\core\Scenes\ItemEdytorStruct\ItemProperty.cpp">
      <Filter>src\core\Scenes\ItemEdytorStruct</Filter>
    </ClCompile>
    <ClCompile Include="src\core\Elements\IntEnter.cpp">
      <Filter>src\core\Elements</Filter>
    </ClCompile>
    <ClCompile Include="src\core\Elements\Element.cpp">
      <Filter>src\core\Elements</Filter>
    </ClCompile>
    <ClCompile Include="src\core\Elements\LineColliderCheckBox.cpp">
      <Filter>src\core\Elements</Filter>
    </ClCompile>
    <ClCompile Include="src\core\Elements\VectorEnter.cpp">
      <Filter>src\core\Elements</Filter>
    </ClCompile>
    <ClCompile Include="src\core\Elements\Add.cpp">
      <Filter>src\core\Elements</Filter>
    </ClCompile>
    <ClCompile Include="src\core\Elements\Remove.cpp">
      <Filter>src\core\Elements</Filter>
    </ClCompile>
    <ClCompile Include="src\core\Elements\AddItem.cpp">
      <Filter>src\core\Elements</Filter>
    </ClCompile>
    <ClCompile Include="src\core\Elements\EnumEnter.cpp">
      <Filter>src\core\Elements</Filter>
    </ClCompile>
    <ClCompile Include="src\core\Elements\RemoveItem.cpp">
      <Filter>src\core\Elements</Filter>
    </ClCompile>
    <ClCompile Include="src\core\Scenes\RecipesEdytor.cpp">
      <Filter>src\core\Scenes</Filter>
    </ClCompile>
    <ClCompile Include="src\GameObjects\AddisionalTypes\LinesCollider.cpp">
      <Filter>src\GameObjects\AddisionalTypes\Colliders</Filter>
    </ClCompile>
    <ClCompile Include="src\GameObjects\AddisionalTypes\CircleCollider.cpp">
      <Filter>src\GameObjects\AddisionalTypes\Colliders</Filter>
    </ClCompile>
    <ClCompile Include="src\GameObjects\AddisionalTypes\Collider.cpp">
      <Filter>src\GameObjects\AddisionalTypes\Colliders</Filter>
    </ClCompile>
    <ClCompile Include="src\GameObjects\AddisionalTypes\RectangleCollider.cpp">
      <Filter>src\GameObjects\AddisionalTypes\Colliders</Filter>
    </ClCompile>
    <ClCompile Include="src\GameObjects\AddisionalTypes\DodgeInterface.cpp">
      <Filter>src\GameObjects\AddisionalTypes\Combat</Filter>
    </ClCompile>
    <ClCompile Include="src\GameObjects\AddisionalTypes\HitAble.cpp">
      <Filter>src\GameObjects\AddisionalTypes\Combat</Filter>
    </ClCompile>
    <ClCompile Include="src\core\Elements\Button.cpp">
      <Filter>src\core\Elements</Filter>
    </ClCompile>
    <ClCompile Include="src\core\Scenes\Menu.cpp">
      <Filter>src\core\Scenes</Filter>
    </ClCompile>
    <ClCompile Include="src\GameObjects\NPCs\Enemy_1.cpp">
      <Filter>src\GameObjects\NPCs</Filter>
    </ClCompile>
    <ClCompile Include="src\core\Scenes\TestScene.cpp">
      <Filter>src\core\Scenes</Filter>
    </ClCompile>
    <ClCompile Include="src\GameObjects\Structures\Structure.cpp">
      <Filter>src\GameObjects\Structures</Filter>
    </ClCompile>
    <ClCompile Include="src\GameObjects\Structures\Tree.cpp">
      <Filter>src\GameObjects\Structures</Filter>
    </ClCompile>
    <ClCompile Include="src\GameObjects\Structures\Rock.cpp">
      <Filter>src\GameObjects\Structures</Filter>
    </ClCompile>
    <ClCompile Include="src\GameObjects\Structures\Wall.cpp">
      <Filter>src\GameObjects\Structures</Filter>
    </ClCompile>
    <ClCompile Include="src\GameObjects\Items\PlaceItem.cpp">
      <Filter>src\GameObjects\Items</Filter>
    </ClCompile>
  </ItemGroup>
  <ItemGroup>
    <ClInclude Include="src\core\Engine.h">
      <Filter>src\core</Filter>
    </ClInclude>
    <ClInclude Include="src\GameObjects\GameObject.h">
      <Filter>src\GameObjects</Filter>
    </ClInclude>
    <ClInclude Include="src\GameObjects\Player\Player.h">
      <Filter>src\GameObjects\Player</Filter>
    </ClInclude>
    <ClInclude Include="src\core\Controllers\AnimationController.h">
      <Filter>src\core\Controllers</Filter>
    </ClInclude>
    <ClInclude Include="src\core\Controllers\SpriteController.h">
      <Filter>src\core\Controllers</Filter>
    </ClInclude>
    <ClInclude Include="src\core\Scenes\GameScene.h">
      <Filter>src\core\Scenes</Filter>
    </ClInclude>
    <ClInclude Include="src\core\Scenes\Scene.h">
      <Filter>src\core\Scenes</Filter>
    </ClInclude>
    <ClInclude Include="src\GameObjects\AddisionalTypes\UserUI.h">
      <Filter>src\GameObjects\AddisionalTypes</Filter>
    </ClInclude>
    <ClInclude Include="src\GameObjects\Projectals\Projectal.h">
      <Filter>src\GameObjects\Projectals</Filter>
    </ClInclude>
    <ClInclude Include="src\GameObjects\Items\Item.h">
      <Filter>src\GameObjects\Items</Filter>
    </ClInclude>
    <ClInclude Include="src\core\Scenes\Game\ObjectHandler.h">
      <Filter>src\core\Scenes\Game</Filter>
    </ClInclude>
    <ClInclude Include="src\core\Scenes\Game\FourTree.h">
      <Filter>src\core\Scenes\Game</Filter>
    </ClInclude>
    <ClInclude Include="src\core\Scenes\Game\PerlinNoice.h">
      <Filter>src\core\Scenes\Game</Filter>
    </ClInclude>
    <ClInclude Include="src\GameObjects\Blocks\Block.h">
      <Filter>src\GameObjects\Blocks</Filter>
    </ClInclude>
    <ClInclude Include="src\GameObjects\ItemFactory.h">
      <Filter>src\GameObjects\Factories</Filter>
    </ClInclude>
    <ClInclude Include="src\GameObjects\BlockFactory.h">
      <Filter>src\GameObjects\Factories</Filter>
    </ClInclude>
    <ClInclude Include="src\GameObjects\Factory.h">
      <Filter>src\GameObjects\Factories</Filter>
    </ClInclude>
    <ClInclude Include="src\GameObjects\AddisionalTypes\AllTypes.h">
      <Filter>src\GameObjects\AddisionalTypes</Filter>
    </ClInclude>
    <ClInclude Include="src\GameObjects\Blocks\CollidingBlock.h">
      <Filter>src\GameObjects\Blocks</Filter>
    </ClInclude>
    <ClInclude Include="src\GameObjects\Player\Eq.h">
      <Filter>src\GameObjects\Player</Filter>
    </ClInclude>
    <ClInclude Include="src\GameObjects\Player\MiniMap.h">
      <Filter>src\GameObjects\Player</Filter>
    </ClInclude>
    <ClInclude Include="src\GameObjects\AddisionalTypes\ItemsDrop.h">
      <Filter>src\GameObjects\AddisionalTypes</Filter>
    </ClInclude>
    <ClInclude Include="src\GameObjects\Items\Tool\ToolItem.h">
      <Filter>src\GameObjects\Items\Tool</Filter>
    </ClInclude>
    <ClInclude Include="src\GameObjects\Items\StackItem.h">
      <Filter>src\GameObjects\Items</Filter>
    </ClInclude>
    <ClInclude Include="src\core\Properties.h">
      <Filter>src\core</Filter>
    </ClInclude>
    <ClInclude Include="src\GameObjects\StructuresFactory.h">
      <Filter>src\GameObjects\Factories</Filter>
    </ClInclude>
    <ClInclude Include="src\GameObjects\AddisionalTypes\DestroyAble.h">
      <Filter>src\GameObjects\AddisionalTypes</Filter>
    </ClInclude>
    <ClInclude Include="src\GameObjects\Particles\ParticleSystem.h">
      <Filter>src\GameObjects\Particles</Filter>
    </ClInclude>
    <ClInclude Include="src\GameObjects\Particles\Particle.h">
      <Filter>src\GameObjects\Particles</Filter>
    </ClInclude>
    <ClInclude Include="src\GameObjects\RecipesFactory.h">
      <Filter>src\GameObjects\Factories</Filter>
    </ClInclude>
    <ClInclude Include="src\GameObjects\Crafting\CraftingStation.h">
      <Filter>src\GameObjects\Crafting</Filter>
    </ClInclude>
    <ClInclude Include="src\GameObjects\Crafting\Recipes.h">
      <Filter>src\GameObjects\Crafting</Filter>
    </ClInclude>
    <ClInclude Include="src\GameObjects\NPCs\Enemy.h">
      <Filter>src\GameObjects\NPCs</Filter>
    </ClInclude>
    <ClInclude Include="src\GameObjects\Particles\TextParticle.h">
      <Filter>src\GameObjects\Particles</Filter>
    </ClInclude>
    <ClInclude Include="src\GameObjects\Items\Weapon\Ammo.h">
      <Filter>src\GameObjects\Items\Weapons</Filter>
    </ClInclude>
    <ClInclude Include="src\GameObjects\Items\Weapon\Bow.h">
      <Filter>src\GameObjects\Items\Weapons</Filter>
    </ClInclude>
    <ClInclude Include="src\core\Elements\Element.h">
      <Filter>src\core\Elements</Filter>
    </ClInclude>
    <ClInclude Include="src\core\Elements\TextEnter.h">
      <Filter>src\core\Elements</Filter>
    </ClInclude>
    <ClInclude Include="src\core\Elements\CheckBox.h">
      <Filter>src\core\Elements</Filter>
    </ClInclude>
    <ClInclude Include="src\core\Elements\RectangleEnter.h">
      <Filter>src\core\Elements</Filter>
    </ClInclude>
    <ClInclude Include="src\core\Elements\FloatEnter.h">
      <Filter>src\core\Elements</Filter>
    </ClInclude>
    <ClInclude Include="src\core\Elements\CheckBoxOpenElements.h">
      <Filter>src\core\Elements</Filter>
    </ClInclude>
    <ClInclude Include="src\core\Scenes\ItemEdytorStruct\ItemProperty.h">
      <Filter>src\core\Scenes\ItemEdytorStruct</Filter>
    </ClInclude>
    <ClInclude Include="src\core\Elements\IntEnter.h">
      <Filter>src\core\Elements</Filter>
    </ClInclude>
    <ClInclude Include="src\core\Elements\LineColliderCheckBox.h">
      <Filter>src\core\Elements</Filter>
    </ClInclude>
    <ClInclude Include="src\core\Elements\VectorEnter.h">
      <Filter>src\core\Elements</Filter>
    </ClInclude>
    <ClInclude Include="src\core\Elements\Add.h">
      <Filter>src\core\Elements</Filter>
    </ClInclude>
    <ClInclude Include="src\core\Elements\Remove.h">
      <Filter>src\core\Elements</Filter>
    </ClInclude>
    <ClInclude Include="src\core\Elements\AddItem.h">
      <Filter>src\core\Elements</Filter>
    </ClInclude>
    <ClInclude Include="src\core\Elements\EnumEnter.h">
      <Filter>src\core\Elements</Filter>
    </ClInclude>
    <ClInclude Include="src\core\Elements\RemoveItem.h">
      <Filter>src\core\Elements</Filter>
    </ClInclude>
    <ClInclude Include="src\core\Scenes\RecipesEdytor.h">
      <Filter>src\core\Scenes</Filter>
    </ClInclude>
    <ClInclude Include="src\GameObjects\AddisionalTypes\CircleCollider.h">
      <Filter>src\GameObjects\AddisionalTypes\Colliders</Filter>
    </ClInclude>
    <ClInclude Include="src\GameObjects\AddisionalTypes\Collider.h">
      <Filter>src\GameObjects\AddisionalTypes\Colliders</Filter>
    </ClInclude>
    <ClInclude Include="src\GameObjects\AddisionalTypes\LinesCollider.h">
      <Filter>src\GameObjects\AddisionalTypes\Colliders</Filter>
    </ClInclude>
    <ClInclude Include="src\GameObjects\AddisionalTypes\RectangleCollider.h">
      <Filter>src\GameObjects\AddisionalTypes\Colliders</Filter>
    </ClInclude>
    <ClInclude Include="src\GameObjects\AddisionalTypes\DodgeInterface.h">
      <Filter>src\GameObjects\AddisionalTypes\Combat</Filter>
    </ClInclude>
    <ClInclude Include="src\GameObjects\AddisionalTypes\HitAble.h">
      <Filter>src\GameObjects\AddisionalTypes\Combat</Filter>
    </ClInclude>
    <ClInclude Include="src\core\Elements\Button.h">
      <Filter>src\core\Elements</Filter>
    </ClInclude>
    <ClInclude Include="src\core\Scenes\Menu.h">
      <Filter>src\core\Scenes</Filter>
    </ClInclude>
    <ClInclude Include="src\core\Scenes\ItemEdytor.h">
      <Filter>src\core\Scenes\Game</Filter>
    </ClInclude>
    <ClInclude Include="src\GameObjects\NPCs\Enemy_1.h">
      <Filter>src\GameObjects\NPCs</Filter>
    </ClInclude>
    <ClInclude Include="src\core\Scenes\TestScene.h">
      <Filter>src\core\Scenes</Filter>
    </ClInclude>
    <ClInclude Include="src\GameObjects\Structures\Structure.h">
      <Filter>src\GameObjects\Structures</Filter>
    </ClInclude>
    <ClInclude Include="src\GameObjects\Structures\Tree.h">
      <Filter>src\GameObjects\Structures</Filter>
    </ClInclude>
    <ClInclude Include="src\GameObjects\Structures\Rock.h">
      <Filter>src\GameObjects\Structures</Filter>
    </ClInclude>
    <ClInclude Include="src\GameObjects\Structures\Wall.h">
      <Filter>src\GameObjects\Structures</Filter>
    </ClInclude>
    <ClInclude Include="src\GameObjects\Items\PlaceItem.h">
      <Filter>src\GameObjects\Items</Filter>
    </ClInclude>
  </ItemGroup>
  <ItemGroup>
    <None Include="ClassDiagram.cd" />
    <None Include="packages.config" />
  </ItemGroup>
</Project>